
Microsoft Visual Studio Solution File, Format Version 12.00
# Visual Studio Version 17
VisualStudioVersion = 17.7.34221.43
MinimumVisualStudioVersion = 10.0.40219.1
Project("{2150E333-8FDC-42A3-9474-1A3956D46DE8}") = "Libs", "Libs", "{385C3A3E-FAC4-4DB3-9BF0-5211829F2ACE}"
EndProject
Project("{9A19103F-16F7-4668-BE54-9A1E7A4F7556}") = "Libs.Utils", "Libs.Utils\Libs.Utils.csproj", "{51D1FE82-3F7A-4872-B4E8-33EE14012BA8}"
EndProject
Project("{9A19103F-16F7-4668-BE54-9A1E7A4F7556}") = "UPS.Assessment.Domain.UnitTests", "UPS.Assessment.Domain.UnitTests\UPS.Assessment.Domain.UnitTests.csproj", "{F8ECC707-D777-4362-8686-369FE7203CAF}"
EndProject
Project("{2150E333-8FDC-42A3-9474-1A3956D46DE8}") = "Tests", "Tests", "{1AE2FFAD-A2B0-4532-AA37-EE4F0D048129}"
EndProject
Project("{9A19103F-16F7-4668-BE54-9A1E7A4F7556}") = "UPS.Assessment.App", "UPS.Assessment.App\UPS.Assessment.App.csproj", "{5FC71B87-9C21-472F-8F24-8897DAF64B5F}"
EndProject
Project("{9A19103F-16F7-4668-BE54-9A1E7A4F7556}") = "UPS.Assessment.ApplicationService", "UPS.Assessment.ApplicationService\UPS.Assessment.ApplicationService.csproj", "{268AA964-7BA6-444C-8E3E-6DA021602454}"
EndProject
Project("{9A19103F-16F7-4668-BE54-9A1E7A4F7556}") = "UPS.Assessment.ACL.GoRest", "UPS.Assessment.ACL.GoRest\UPS.Assessment.ACL.GoRest.csproj", "{F82EA194-D9DC-45D2-AF23-511D1A67DA1E}"
EndProject
Project("{FAE04EC0-301F-11D3-BF4B-00C04F79EFBC}") = "UPS.Assessment.ACK.GoRest.UnitTests", "UPS.Assessment.ACK.GoRest.UnitTests\UPS.Assessment.ACK.GoRest.UnitTests.csproj", "{3456DF22-83B1-4457-91BA-EC11649163E2}"
EndProject
Global
	GlobalSection(SolutionConfigurationPlatforms) = preSolution
		Debug|Any CPU = Debug|Any CPU
		Release|Any CPU = Release|Any CPU
	EndGlobalSection
	GlobalSection(ProjectConfigurationPlatforms) = postSolution
		{51D1FE82-3F7A-4872-B4E8-33EE14012BA8}.Debug|Any CPU.ActiveCfg = Debug|Any CPU
		{51D1FE82-3F7A-4872-B4E8-33EE14012BA8}.Debug|Any CPU.Build.0 = Debug|Any CPU
		{51D1FE82-3F7A-4872-B4E8-33EE14012BA8}.Release|Any CPU.ActiveCfg = Release|Any CPU
		{51D1FE82-3F7A-4872-B4E8-33EE14012BA8}.Release|Any CPU.Build.0 = Release|Any CPU
		{F8ECC707-D777-4362-8686-369FE7203CAF}.Debug|Any CPU.ActiveCfg = Debug|Any CPU
		{F8ECC707-D777-4362-8686-369FE7203CAF}.Debug|Any CPU.Build.0 = Debug|Any CPU
		{F8ECC707-D777-4362-8686-369FE7203CAF}.Release|Any CPU.ActiveCfg = Release|Any CPU
		{F8ECC707-D777-4362-8686-369FE7203CAF}.Release|Any CPU.Build.0 = Release|Any CPU
		{5FC71B87-9C21-472F-8F24-8897DAF64B5F}.Debug|Any CPU.ActiveCfg = Debug|Any CPU
		{5FC71B87-9C21-472F-8F24-8897DAF64B5F}.Debug|Any CPU.Build.0 = Debug|Any CPU
		{5FC71B87-9C21-472F-8F24-8897DAF64B5F}.Release|Any CPU.ActiveCfg = Release|Any CPU
		{5FC71B87-9C21-472F-8F24-8897DAF64B5F}.Release|Any CPU.Build.0 = Release|Any CPU
		{268AA964-7BA6-444C-8E3E-6DA021602454}.Debug|Any CPU.ActiveCfg = Debug|Any CPU
		{268AA964-7BA6-444C-8E3E-6DA021602454}.Debug|Any CPU.Build.0 = Debug|Any CPU
		{268AA964-7BA6-444C-8E3E-6DA021602454}.Release|Any CPU.ActiveCfg = Release|Any CPU
		{268AA964-7BA6-444C-8E3E-6DA021602454}.Release|Any CPU.Build.0 = Release|Any CPU
		{F82EA194-D9DC-45D2-AF23-511D1A67DA1E}.Debug|Any CPU.ActiveCfg = Debug|Any CPU
		{F82EA194-D9DC-45D2-AF23-511D1A67DA1E}.Debug|Any CPU.Build.0 = Debug|Any CPU
		{F82EA194-D9DC-45D2-AF23-511D1A67DA1E}.Release|Any CPU.ActiveCfg = Release|Any CPU
		{F82EA194-D9DC-45D2-AF23-511D1A67DA1E}.Release|Any CPU.Build.0 = Release|Any CPU
		{3456DF22-83B1-4457-91BA-EC11649163E2}.Debug|Any CPU.ActiveCfg = Debug|Any CPU
		{3456DF22-83B1-4457-91BA-EC11649163E2}.Debug|Any CPU.Build.0 = Debug|Any CPU
		{3456DF22-83B1-4457-91BA-EC11649163E2}.Release|Any CPU.ActiveCfg = Release|Any CPU
		{3456DF22-83B1-4457-91BA-EC11649163E2}.Release|Any CPU.Build.0 = Release|Any CPU
	EndGlobalSection
	GlobalSection(SolutionProperties) = preSolution
		HideSolutionNode = FALSE
	EndGlobalSection
	GlobalSection(NestedProjects) = preSolution
		{51D1FE82-3F7A-4872-B4E8-33EE14012BA8} = {385C3A3E-FAC4-4DB3-9BF0-5211829F2ACE}
		{F8ECC707-D777-4362-8686-369FE7203CAF} = {1AE2FFAD-A2B0-4532-AA37-EE4F0D048129}
	EndGlobalSection
	GlobalSection(ExtensibilityGlobals) = postSolution
		SolutionGuid = {3172A192-79D1-4602-AC71-6023ED80AB60}
	EndGlobalSection
EndGlobal
